{
  "name": "mcp-completions",
  "version": "0.0.1",
  "lockfileVersion": 3,
  "requires": true,
  "packages": {
    "": {
      "name": "mcp-completions",
      "version": "0.0.1",
      "dependencies": {
        "universal-mcp-oauth": "0.0.14"
      }
    },
    "node_modules/mcp-client-server-registration": {
      "version": "0.0.10",
      "resolved": "https://registry.npmjs.org/mcp-client-server-registration/-/mcp-client-server-registration-0.0.10.tgz",
      "integrity": "sha512-Xkfw+RS4w0rKwEJolfo2cMeo/YS6YUuUgE9CD+J+tBhUOsqeJ46czC1RbecNb4sre2XpL1DKkBLWbqTWh6ClGg=="
    },
    "node_modules/universal-mcp-oauth": {
      "version": "0.0.14",
      "resolved": "https://registry.npmjs.org/universal-mcp-oauth/-/universal-mcp-oauth-0.0.14.tgz",
      "integrity": "sha512-/YAiAsZbPTBWLzBxKoysZMv8Bbrbt2kwG2GuL+nxrUaOTrW5xkCuUvJZOJ/bhom4Nic5m9Jm44jw1NCxR4XNjA==",
      "dependencies": {
        "mcp-client-server-registration": "0.0.10"
      }
    }
  }
}
